
Microsoft Visual Studio Solution File, Format Version 12.00
# Visual Studio Version 17
VisualStudioVersion = 17.13.35931.197
MinimumVisualStudioVersion = 10.0.40219.1
Project("{FAE04EC0-301F-11D3-BF4B-00C04F79EFBC}") = "SnakeRemake", "SnakeRemake\SnakeRemake.csproj", "{C82A7152-6D3B-4C07-8446-BECE8385AB0C}"
EndProject
Project("{FAE04EC0-301F-11D3-BF4B-00C04F79EFBC}") = "GameTests", "GameTests\GameTests.csproj", "{170072CC-4696-492A-90CC-4D49601D808A}"
EndProject
Global
	GlobalSection(SolutionConfigurationPlatforms) = preSolution
		Debug|Any CPU = Debug|Any CPU
		Release|Any CPU = Release|Any CPU
	EndGlobalSection
	GlobalSection(ProjectConfigurationPlatforms) = postSolution
		{C82A7152-6D3B-4C07-8446-BECE8385AB0C}.Debug|Any CPU.ActiveCfg = Debug|Any CPU
		{C82A7152-6D3B-4C07-8446-BECE8385AB0C}.Debug|Any CPU.Build.0 = Debug|Any CPU
		{C82A7152-6D3B-4C07-8446-BECE8385AB0C}.Release|Any CPU.ActiveCfg = Release|Any CPU
		{C82A7152-6D3B-4C07-8446-BECE8385AB0C}.Release|Any CPU.Build.0 = Release|Any CPU
		{170072CC-4696-492A-90CC-4D49601D808A}.Debug|Any CPU.ActiveCfg = Debug|Any CPU
		{170072CC-4696-492A-90CC-4D49601D808A}.Debug|Any CPU.Build.0 = Debug|Any CPU
		{170072CC-4696-492A-90CC-4D49601D808A}.Release|Any CPU.ActiveCfg = Release|Any CPU
		{170072CC-4696-492A-90CC-4D49601D808A}.Release|Any CPU.Build.0 = Release|Any CPU
	EndGlobalSection
	GlobalSection(SolutionProperties) = preSolution
		HideSolutionNode = FALSE
	EndGlobalSection
	GlobalSection(ExtensibilityGlobals) = postSolution
		SolutionGuid = {E30593BE-6876-4F57-9B64-808A263EB9F0}
	EndGlobalSection
EndGlobal
